
Microsoft Visual Studio Solution File, Format Version 12.00
# Visual Studio 2012
Project("{FAE04EC0-301F-11D3-BF4B-00C04F79EFBC}") = "SharpExpress", "SharpExpress\SharpExpress.csproj", "{2B31647B-64F8-4A90-A08D-4493A9340455}"
EndProject
Project("{2150E333-8FDC-42A3-9474-1A3956D46DE8}") = ".nuget", ".nuget", "{944BFE59-7BC8-4FCA-B9A4-404A85C315FF}"
	ProjectSection(SolutionItems) = preProject
		.nuget\NuGet.Config = .nuget\NuGet.Config
		.nuget\NuGet.exe = .nuget\NuGet.exe
		.nuget\NuGet.targets = .nuget\NuGet.targets
	EndProjectSection
EndProject
Project("{2150E333-8FDC-42A3-9474-1A3956D46DE8}") = "Solution Items", "Solution Items", "{AB2468AF-7954-46F0-867B-59D64C231193}"
	ProjectSection(SolutionItems) = preProject
		README.md = README.md
		SharpExpress.build = SharpExpress.build
		SharpExpress.nuspec = SharpExpress.nuspec
		SharpExpress.rsp = SharpExpress.rsp
	EndProjectSection
EndProject
Project("{FAE04EC0-301F-11D3-BF4B-00C04F79EFBC}") = "http-server", "http-server\http-server.csproj", "{56726D02-2114-445D-A393-98DF978595B4}"
EndProject
Project("{FAE04EC0-301F-11D3-BF4B-00C04F79EFBC}") = "ConsoleServer", "Samples\ConsoleServer\ConsoleServer.csproj", "{A473963A-A535-480E-B141-A63D991A3540}"
EndProject
Project("{FAE04EC0-301F-11D3-BF4B-00C04F79EFBC}") = "WebApp", "Samples\WebApp\WebApp.csproj", "{039B351B-C790-44CD-A506-BF1CC1CA28A2}"
EndProject
Project("{2150E333-8FDC-42A3-9474-1A3956D46DE8}") = "Samples", "Samples", "{31EF5799-33EB-4CB9-8E82-A86C25F4E7AD}"
EndProject
Project("{FAE04EC0-301F-11D3-BF4B-00C04F79EFBC}") = "AspHost", "Samples\AspHost\AspHost.csproj", "{A21ABB2D-C935-41F5-ABCD-3C7607FB4A8B}"
EndProject
Global
	GlobalSection(SolutionConfigurationPlatforms) = preSolution
		Debug|Any CPU = Debug|Any CPU
		Release|Any CPU = Release|Any CPU
	EndGlobalSection
	GlobalSection(ProjectConfigurationPlatforms) = postSolution
		{2B31647B-64F8-4A90-A08D-4493A9340455}.Debug|Any CPU.ActiveCfg = Debug|Any CPU
		{2B31647B-64F8-4A90-A08D-4493A9340455}.Debug|Any CPU.Build.0 = Debug|Any CPU
		{2B31647B-64F8-4A90-A08D-4493A9340455}.Release|Any CPU.ActiveCfg = Release|Any CPU
		{2B31647B-64F8-4A90-A08D-4493A9340455}.Release|Any CPU.Build.0 = Release|Any CPU
		{56726D02-2114-445D-A393-98DF978595B4}.Debug|Any CPU.ActiveCfg = Debug|Any CPU
		{56726D02-2114-445D-A393-98DF978595B4}.Debug|Any CPU.Build.0 = Debug|Any CPU
		{56726D02-2114-445D-A393-98DF978595B4}.Release|Any CPU.ActiveCfg = Release|Any CPU
		{56726D02-2114-445D-A393-98DF978595B4}.Release|Any CPU.Build.0 = Release|Any CPU
		{A473963A-A535-480E-B141-A63D991A3540}.Debug|Any CPU.ActiveCfg = Debug|Any CPU
		{A473963A-A535-480E-B141-A63D991A3540}.Debug|Any CPU.Build.0 = Debug|Any CPU
		{A473963A-A535-480E-B141-A63D991A3540}.Release|Any CPU.ActiveCfg = Release|Any CPU
		{A473963A-A535-480E-B141-A63D991A3540}.Release|Any CPU.Build.0 = Release|Any CPU
		{039B351B-C790-44CD-A506-BF1CC1CA28A2}.Debug|Any CPU.ActiveCfg = Debug|Any CPU
		{039B351B-C790-44CD-A506-BF1CC1CA28A2}.Debug|Any CPU.Build.0 = Debug|Any CPU
		{039B351B-C790-44CD-A506-BF1CC1CA28A2}.Release|Any CPU.ActiveCfg = Release|Any CPU
		{039B351B-C790-44CD-A506-BF1CC1CA28A2}.Release|Any CPU.Build.0 = Release|Any CPU
		{A21ABB2D-C935-41F5-ABCD-3C7607FB4A8B}.Debug|Any CPU.ActiveCfg = Debug|Any CPU
		{A21ABB2D-C935-41F5-ABCD-3C7607FB4A8B}.Debug|Any CPU.Build.0 = Debug|Any CPU
		{A21ABB2D-C935-41F5-ABCD-3C7607FB4A8B}.Release|Any CPU.ActiveCfg = Release|Any CPU
		{A21ABB2D-C935-41F5-ABCD-3C7607FB4A8B}.Release|Any CPU.Build.0 = Release|Any CPU
	EndGlobalSection
	GlobalSection(SolutionProperties) = preSolution
		HideSolutionNode = FALSE
	EndGlobalSection
	GlobalSection(NestedProjects) = preSolution
		{039B351B-C790-44CD-A506-BF1CC1CA28A2} = {31EF5799-33EB-4CB9-8E82-A86C25F4E7AD}
		{A473963A-A535-480E-B141-A63D991A3540} = {31EF5799-33EB-4CB9-8E82-A86C25F4E7AD}
		{A21ABB2D-C935-41F5-ABCD-3C7607FB4A8B} = {31EF5799-33EB-4CB9-8E82-A86C25F4E7AD}
	EndGlobalSection
EndGlobal
